
Microsoft Visual Studio Solution File, Format Version 12.00
# Visual Studio Version 17
VisualStudioVersion = 17.2.32519.379
MinimumVisualStudioVersion = 10.0.40219.1
Project("{9A19103F-16F7-4668-BE54-9A1E7A4F7556}") = "KTech.Notifications.Api", "KTech.Notifications.Api\KTech.Notifications.Api.csproj", "{9FB5D95C-AA3C-416A-9DA4-08528C7B9106}"
EndProject
Project("{9A19103F-16F7-4668-BE54-9A1E7A4F7556}") = "KTech.Notifications.Core", "KTech.Notifications.Core\KTech.Notifications.Core.csproj", "{843A1A79-1FD5-4124-BE67-BEB19643EFF2}"
EndProject
Project("{9A19103F-16F7-4668-BE54-9A1E7A4F7556}") = "KTech.Notifications.Data", "KTech.Notifications.Data\KTech.Notifications.Data.csproj", "{74E0E57B-A98D-49B7-9280-4DC24DC3BD45}"
EndProject
Global
	GlobalSection(SolutionConfigurationPlatforms) = preSolution
		Debug|Any CPU = Debug|Any CPU
		Release|Any CPU = Release|Any CPU
	EndGlobalSection
	GlobalSection(ProjectConfigurationPlatforms) = postSolution
		{9FB5D95C-AA3C-416A-9DA4-08528C7B9106}.Debug|Any CPU.ActiveCfg = Debug|Any CPU
		{9FB5D95C-AA3C-416A-9DA4-08528C7B9106}.Debug|Any CPU.Build.0 = Debug|Any CPU
		{9FB5D95C-AA3C-416A-9DA4-08528C7B9106}.Release|Any CPU.ActiveCfg = Release|Any CPU
		{9FB5D95C-AA3C-416A-9DA4-08528C7B9106}.Release|Any CPU.Build.0 = Release|Any CPU
		{843A1A79-1FD5-4124-BE67-BEB19643EFF2}.Debug|Any CPU.ActiveCfg = Debug|Any CPU
		{843A1A79-1FD5-4124-BE67-BEB19643EFF2}.Debug|Any CPU.Build.0 = Debug|Any CPU
		{843A1A79-1FD5-4124-BE67-BEB19643EFF2}.Release|Any CPU.ActiveCfg = Release|Any CPU
		{843A1A79-1FD5-4124-BE67-BEB19643EFF2}.Release|Any CPU.Build.0 = Release|Any CPU
		{74E0E57B-A98D-49B7-9280-4DC24DC3BD45}.Debug|Any CPU.ActiveCfg = Debug|Any CPU
		{74E0E57B-A98D-49B7-9280-4DC24DC3BD45}.Debug|Any CPU.Build.0 = Debug|Any CPU
		{74E0E57B-A98D-49B7-9280-4DC24DC3BD45}.Release|Any CPU.ActiveCfg = Release|Any CPU
		{74E0E57B-A98D-49B7-9280-4DC24DC3BD45}.Release|Any CPU.Build.0 = Release|Any CPU
	EndGlobalSection
	GlobalSection(SolutionProperties) = preSolution
		HideSolutionNode = FALSE
	EndGlobalSection
	GlobalSection(ExtensibilityGlobals) = postSolution
		SolutionGuid = {F68E7352-85DC-4F30-9951-7AE2A9E91EDF}
	EndGlobalSection
EndGlobal
